// !$*UTF8*$!
{
	archiveVersion = 1;
	classes = {
	};
	objectVersion = 50;
	objects = {

/* Begin PBXBuildFile section */
		F556337824845B8900E3A10B /* GameService.swift in Sources */ = {isa = PBXBuildFile; fileRef = F556337724845B8900E3A10B /* GameService.swift */; };
		F556337A2484739200E3A10B /* GameViewModel.swift in Sources */ = {isa = PBXBuildFile; fileRef = F55633792484739200E3A10B /* GameViewModel.swift */; };
		F5B9CC59248436970033CE8B /* AppDelegate.swift in Sources */ = {isa = PBXBuildFile; fileRef = F5B9CC58248436970033CE8B /* AppDelegate.swift */; };
		F5B9CC5B248436970033CE8B /* SceneDelegate.swift in Sources */ = {isa = PBXBuildFile; fileRef = F5B9CC5A248436970033CE8B /* SceneDelegate.swift */; };
		F5B9CC5D248436970033CE8B /* ContentView.swift in Sources */ = {isa = PBXBuildFile; fileRef = F5B9CC5C248436970033CE8B /* ContentView.swift */; };
		F5B9CC5F248436980033CE8B /* Assets.xcassets in Resources */ = {isa = PBXBuildFile; fileRef = F5B9CC5E248436980033CE8B /* Assets.xcassets */; };
		F5B9CC62248436980033CE8B /* Preview Assets.xcassets in Resources */ = {isa = PBXBuildFile; fileRef = F5B9CC61248436980033CE8B /* Preview Assets.xcassets */; };
		F5B9CC65248436980033CE8B /* LaunchScreen.storyboard in Resources */ = {isa = PBXBuildFile; fileRef = F5B9CC63248436980033CE8B /* LaunchScreen.storyboard */; };
		F5B9CC6D248436B40033CE8B /* Game.swift in Sources */ = {isa = PBXBuildFile; fileRef = F5B9CC6C248436B40033CE8B /* Game.swift */; };
/* End PBXBuildFile section */

/* Begin PBXFileReference section */
		F556337724845B8900E3A10B /* GameService.swift */ = {isa = PBXFileReference; lastKnownFileType = sourcecode.swift; path = GameService.swift; sourceTree = "<group>"; };
		F55633792484739200E3A10B /* GameViewModel.swift */ = {isa = PBXFileReference; lastKnownFileType = sourcecode.swift; path = GameViewModel.swift; sourceTree = "<group>"; };
		F5B9CC55248436970033CE8B /* testGameSearch.app */ = {isa = PBXFileReference; explicitFileType = wrapper.application; includeInIndex = 0; path = testGameSearch.app; sourceTree = BUILT_PRODUCTS_DIR; };
		F5B9CC58248436970033CE8B /* AppDelegate.swift */ = {isa = PBXFileReference; lastKnownFileType = sourcecode.swift; path = AppDelegate.swift; sourceTree = "<group>"; };
		F5B9CC5A248436970033CE8B /* SceneDelegate.swift */ = {isa = PBXFileReference; lastKnownFileType = sourcecode.swift; path = SceneDelegate.swift; sourceTree = "<group>"; };
		F5B9CC5C248436970033CE8B /* ContentView.swift */ = {isa = PBXFileReference; lastKnownFileType = sourcecode.swift; path = ContentView.swift; sourceTree = "<group>"; };
		F5B9CC5E248436980033CE8B /* Assets.xcassets */ = {isa = PBXFileReference; lastKnownFileType = folder.assetcatalog; path = Assets.xcassets; sourceTree = "<group>"; };
		F5B9CC61248436980033CE8B /* Preview Assets.xcassets */ = {isa = PBXFileReference; lastKnownFileType = folder.assetcatalog; path = "Preview Assets.xcassets"; sourceTree = "<group>"; };
		F5B9CC64248436980033CE8B /* Base */ = {isa = PBXFileReference; lastKnownFileType = file.storyboard; name = Base; path = Base.lproj/LaunchScreen.storyboard; sourceTree = "<group>"; };
		F5B9CC66248436980033CE8B /* Info.plist */ = {isa = PBXFileReference; lastKnownFileType = text.plist.xml; path = Info.plist; sourceTree = "<group>"; };
		F5B9CC6C248436B40033CE8B /* Game.swift */ = {isa = PBXFileReference; lastKnownFileType = sourcecode.swift; path = Game.swift; sourceTree = "<group>"; };
/* End PBXFileReference section */

/* Begin PBXFrameworksBuildPhase section */
		F5B9CC52248436970033CE8B /* Frameworks */ = {
			isa = PBXFrameworksBuildPhase;
			buildActionMask = 2147483647;
			files = (
			);
			runOnlyForDeploymentPostprocessing = 0;
		};
/* End PBXFrameworksBuildPhase section */

/* Begin PBXGroup section */
		F5B9CC4C248436970033CE8B = {
			isa = PBXGroup;
			children = (
				F5B9CC57248436970033CE8B /* testGameSearch */,
				F5B9CC56248436970033CE8B /* Products */,
			);
			sourceTree = "<group>";
		};
		F5B9CC56248436970033CE8B /* Products */ = {
			isa = PBXGroup;
			children = (
				F5B9CC55248436970033CE8B /* testGameSearch.app */,
			);
			name = Products;
			sourceTree = "<group>";
		};
		F5B9CC57248436970033CE8B /* testGameSearch */ = {
			isa = PBXGroup;
			children = (
				F5B9CC6C248436B40033CE8B /* Game.swift */,
				F556337724845B8900E3A10B /* GameService.swift */,
				F55633792484739200E3A10B /* GameViewModel.swift */,
				F5B9CC5C248436970033CE8B /* ContentView.swift */,
				F5B9CC58248436970033CE8B /* AppDelegate.swift */,
				F5B9CC5A248436970033CE8B /* SceneDelegate.swift */,
				F5B9CC5E248436980033CE8B /* Assets.xcassets */,
				F5B9CC63248436980033CE8B /* LaunchScreen.storyboard */,
				F5B9CC66248436980033CE8B /* Info.plist */,
				F5B9CC60248436980033CE8B /* Preview Content */,
			);
			path = testGameSearch;
			sourceTree = "<group>";
		};
		F5B9CC60248436980033CE8B /* Preview Content */ = {
			isa = PBXGroup;
			children = (
				F5B9CC61248436980033CE8B /* Preview Assets.xcassets */,
			);
			path = "Preview Content";
			sourceTree = "<group>";
		};
/* End PBXGroup section */

/* Begin PBXNativeTarget section */
		F5B9CC54248436970033CE8B /* testGameSearch */ = {
			isa = PBXNativeTarget;
			buildConfigurationList = F5B9CC69248436980033CE8B /* Build configuration list for PBXNativeTarget "testGameSearch" */;
			buildPhases = (
				F5B9CC51248436970033CE8B /* Sources */,
				F5B9CC52248436970033CE8B /* Frameworks */,
				F5B9CC53248436970033CE8B /* Resources */,
			);
			buildRules = (
			);
			dependencies = (
			);
			name = testGameSearch;
			productName = testGameSearch;
			productReference = F5B9CC55248436970033CE8B /* testGameSearch.app */;
			productType = "com.apple.product-type.application";
		};
/* End PBXNativeTarget section */

/* Begin PBXProject section */
		F5B9CC4D248436970033CE8B /* Project object */ = {
			isa = PBXProject;
			attributes = {
				LastSwiftUpdateCheck = 1150;
				LastUpgradeCheck = 1150;
				ORGANIZATIONNAME = "Joseph Walters";
				TargetAttributes = {
					F5B9CC54248436970033CE8B = {
						CreatedOnToolsVersion = 11.5;
					};
				};
			};
			buildConfigurationList = F5B9CC50248436970033CE8B /* Build configuration list for PBXProject "testGameSearch" */;
			compatibilityVersion = "Xcode 9.3";
			developmentRegion = en;
			hasScannedForEncodings = 0;
			knownRegions = (
				en,
				Base,
			);
			mainGroup = F5B9CC4C248436970033CE8B;
			productRefGroup = F5B9CC56248436970033CE8B /* Products */;
			projectDirPath = "";
			projectRoot = "";
			targets = (
				F5B9CC54248436970033CE8B /* testGameSearch */,
			);
		};
/* End PBXProject section */

/* Begin PBXResourcesBuildPhase section */
		F5B9CC53248436970033CE8B /* Resources */ = {
			isa = PBXResourcesBuildPhase;
			buildActionMask = 2147483647;
			files = (
				F5B9CC65248436980033CE8B /* LaunchScreen.storyboard in Resources */,
				F5B9CC62248436980033CE8B /* Preview Assets.xcassets in Resources */,
				F5B9CC5F248436980033CE8B /* Assets.xcassets in Resources */,
			);
			runOnlyForDeploymentPostprocessing = 0;
		};
/* End PBXResourcesBuildPhase section */

/* Begin PBXSourcesBuildPhase section */
		F5B9CC51248436970033CE8B /* Sources */ = {
			isa = PBXSourcesBuildPhase;
			buildActionMask = 2147483647;
			files = (
				F556337A2484739200E3A10B /* GameViewModel.swift in Sources */,
				F5B9CC59248436970033CE8B /* AppDelegate.swift in Sources */,
				F556337824845B8900E3A10B /* GameService.swift in Sources */,
				F5B9CC5B248436970033CE8B /* SceneDelegate.swift in Sources */,
				F5B9CC5D248436970033CE8B /* ContentView.swift in Sources */,
				F5B9CC6D248436B40033CE8B /* Game.swift in Sources */,
			);
			runOnlyForDeploymentPostprocessing = 0;
		};
/* End PBXSourcesBuildPhase section */

/* Begin PBXVariantGroup section */
		F5B9CC63248436980033CE8B /* LaunchScreen.storyboard */ = {
			isa = PBXVariantGroup;
			children = (
				F5B9CC64248436980033CE8B /* Base */,
			);
			name = LaunchScreen.storyboard;
			sourceTree = "<group>";
		};
/* End PBXVariantGroup section */

/* Begin XCBuildConfiguration section */
		F5B9CC67248436980033CE8B /* Debug */ = {
			isa = XCBuildConfiguration;
			buildSettings = {
				ALWAYS_SEARCH_USER_PATHS = NO;
				CLANG_ANALYZER_NONNULL = YES;
				CLANG_ANALYZER_NUMBER_OBJECT_CONVERSION = YES_AGGRESSIVE;
				CLANG_CXX_LANGUAGE_STANDARD = "gnu++14";
				CLANG_CXX_LIBRARY = "libc++";
				CLANG_ENABLE_MODULES = YES;
				CLANG_ENABLE_OBJC_ARC = YES;
				CLANG_ENABLE_OBJC_WEAK = YES;
				CLANG_WARN_BLOCK_CAPTURE_AUTORELEASING = YES;
				CLANG_WARN_BOOL_CONVERSION = YES;
				CLANG_WARN_COMMA = YES;
				CLANG_WARN_CONSTANT_CONVERSION = YES;
				CLANG_WARN_DEPRECATED_OBJC_IMPLEMENTATIONS = YES;
				CLANG_WARN_DIRECT_OBJC_ISA_USAGE = YES_ERROR;
				CLANG_WARN_DOCUMENTATION_COMMENTS = YES;
				CLANG_WARN_EMPTY_BODY = YES;
				CLANG_WARN_ENUM_CONVERSION = YES;
				CLANG_WARN_INFINITE_RECURSION = YES;
				CLANG_WARN_INT_CONVERSION = YES;
				CLANG_WARN_NON_LITERAL_NULL_CONVERSION = YES;
				CLANG_WARN_OBJC_IMPLICIT_RETAIN_SELF = YES;
				CLANG_WARN_OBJC_LITERAL_CONVERSION = YES;
				CLANG_WARN_OBJC_ROOT_CLASS = YES_ERROR;
				CLANG_WARN_RANGE_LOOP_ANALYSIS = YES;
				CLANG_WARN_STRICT_PROTOTYPES = YES;
				CLANG_WARN_SUSPICIOUS_MOVE = YES;
				CLANG_WARN_UNGUARDED_AVAILABILITY = YES_AGGRESSIVE;
				CLANG_WARN_UNREACHABLE_CODE = YES;
				CLANG_WARN__DUPLICATE_METHOD_MATCH = YES;
				COPY_PHASE_STRIP = NO;
				DEBUG_INFORMATION_FORMAT = dwarf;
				ENABLE_STRICT_OBJC_MSGSEND = YES;
				ENABLE_TESTABILITY = YES;
				GCC_C_LANGUAGE_STANDARD = gnu11;
				GCC_DYNAMIC_NO_PIC = NO;
				GCC_NO_COMMON_BLOCKS = YES;
				GCC_OPTIMIZATION_LEVEL = 0;
				GCC_PREPROCESSOR_DEFINITIONS = (
					"DEBUG=1",
					"$(inherited)",
				);
				GCC_WARN_64_TO_32_BIT_CONVERSION = YES;
				GCC_WARN_ABOUT_RETURN_TYPE = YES_ERROR;
				GCC_WARN_UNDECLARED_SELECTOR = YES;
				GCC_WARN_UNINITIALIZED_AUTOS = YES_AGGRESSIVE;
				GCC_WARN_UNUSED_FUNCTION = YES;
				GCC_WARN_UNUSED_VARIABLE = YES;
				IPHONEOS_DEPLOYMENT_TARGET = 13.5;
				MTL_ENABLE_DEBUG_INFO = INCLUDE_SOURCE;
				MTL_FAST_MATH = YES;
				ONLY_ACTIVE_ARCH = YES;
				SDKROOT = iphoneos;
				SWIFT_ACTIVE_COMPILATION_CONDITIONS = DEBUG;
				SWIFT_OPTIMIZATION_LEVEL = "-Onone";
			};
			name = Debug;
		};
		F5B9CC68248436980033CE8B /* Release */ = {
			isa = XCBuildConfiguration;
			buildSettings = {
				ALWAYS_SEARCH_USER_PATHS = NO;
				CLANG_ANALYZER_NONNULL = YES;
				CLANG_ANALYZER_NUMBER_OBJECT_CONVERSION = YES_AGGRESSIVE;
				CLANG_CXX_LANGUAGE_STANDARD = "gnu++14";
				CLANG_CXX_LIBRARY = "libc++";
				CLANG_ENABLE_MODULES = YES;
				CLANG_ENABLE_OBJC_ARC = YES;
				CLANG_ENABLE_OBJC_WEAK = YES;
				CLANG_WARN_BLOCK_CAPTURE_AUTORELEASING = YES;
				CLANG_WARN_BOOL_CONVERSION = YES;
				CLANG_WARN_COMMA = YES;
				CLANG_WARN_CONSTANT_CONVERSION = YES;
				CLANG_WARN_DEPRECATED_OBJC_IMPLEMENTATIONS = YES;
				CLANG_WARN_DIRECT_OBJC_ISA_USAGE = YES_ERROR;
				CLANG_WARN_DOCUMENTATION_COMMENTS = YES;
				CLANG_WARN_EMPTY_BODY = YES;
				CLANG_WARN_ENUM_CONVERSION = YES;
				CLANG_WARN_INFINITE_RECURSION = YES;
				CLANG_WARN_INT_CONVERSION = YES;
				CLANG_WARN_NON_LITERAL_NULL_CONVERSION = YES;
				CLANG_WARN_OBJC_IMPLICIT_RETAIN_SELF = YES;
				CLANG_WARN_OBJC_LITERAL_CONVERSION = YES;
				CLANG_WARN_OBJC_ROOT_CLASS = YES_ERROR;
				CLANG_WARN_RANGE_LOOP_ANALYSIS = YES;
				CLANG_WARN_STRICT_PROTOTYPES = YES;
				CLANG_WARN_SUSPICIOUS_MOVE = YES;
				CLANG_WARN_UNGUARDED_AVAILABILITY = YES_AGGRESSIVE;
				CLANG_WARN_UNREACHABLE_CODE = YES;
				CLANG_WARN__DUPLICATE_METHOD_MATCH = YES;
				COPY_PHASE_STRIP = NO;
				DEBUG_INFORMATION_FORMAT = "dwarf-with-dsym";
				ENABLE_NS_ASSERTIONS = NO;
				ENABLE_STRICT_OBJC_MSGSEND = YES;
				GCC_C_LANGUAGE_STANDARD = gnu11;
				GCC_NO_COMMON_BLOCKS = YES;
				GCC_WARN_64_TO_32_BIT_CONVERSION = YES;
				GCC_WARN_ABOUT_RETURN_TYPE = YES_ERROR;
				GCC_WARN_UNDECLARED_SELECTOR = YES;
				GCC_WARN_UNINITIALIZED_AUTOS = YES_AGGRESSIVE;
				GCC_WARN_UNUSED_FUNCTION = YES;
				GCC_WARN_UNUSED_VARIABLE = YES;
				IPHONEOS_DEPLOYMENT_TARGET = 13.5;
				MTL_ENABLE_DEBUG_INFO = NO;
				MTL_FAST_MATH = YES;
				SDKROOT = iphoneos;
				SWIFT_COMPILATION_MODE = wholemodule;
				SWIFT_OPTIMIZATION_LEVEL = "-O";
				VALIDATE_PRODUCT = YES;
			};
			name = Release;
		};
		F5B9CC6A248436980033CE8B /* Debug */ = {
			isa = XCBuildConfiguration;
			buildSettings = {
				ASSETCATALOG_COMPILER_APPICON_NAME = AppIcon;
				CODE_SIGN_STYLE = Automatic;
				DEVELOPMENT_ASSET_PATHS = "\"testGameSearch/Preview Content\"";
				DEVELOPMENT_TEAM = W2K59Q2THV;
				ENABLE_PREVIEWS = YES;
				INFOPLIST_FILE = testGameSearch/Info.plist;
				LD_RUNPATH_SEARCH_PATHS = (
					"$(inherited)",
					"@executable_path/Frameworks",
				);
				PRODUCT_BUNDLE_IDENTIFIER = com.testGameSearch;
				PRODUCT_NAME = "$(TARGET_NAME)";
				SWIFT_VERSION = 5.0;
				TARGETED_DEVICE_FAMILY = "1,2";
			};
			name = Debug;
		};
		F5B9CC6B248436980033CE8B /* Release */ = {
			isa = XCBuildConfiguration;
			buildSettings = {
				ASSETCATALOG_COMPILER_APPICON_NAME = AppIcon;
				CODE_SIGN_STYLE = Automatic;
				DEVELOPMENT_ASSET_PATHS = "\"testGameSearch/Preview Content\"";
				DEVELOPMENT_TEAM = W2K59Q2THV;
				ENABLE_PREVIEWS = YES;
				INFOPLIST_FILE = testGameSearch/Info.plist;
				LD_RUNPATH_SEARCH_PATHS = (
					"$(inherited)",
					"@executable_path/Frameworks",
				);
				PRODUCT_BUNDLE_IDENTIFIER = com.testGameSearch;
				PRODUCT_NAME = "$(TARGET_NAME)";
				SWIFT_VERSION = 5.0;
				TARGETED_DEVICE_FAMILY = "1,2";
			};
			name = Release;
		};
/* End XCBuildConfiguration section */

/* Begin XCConfigurationList section */
		F5B9CC50248436970033CE8B /* Build configuration list for PBXProject "testGameSearch" */ = {
			isa = XCConfigurationList;
			buildConfigurations = (
				F5B9CC67248436980033CE8B /* Debug */,
				F5B9CC68248436980033CE8B /* Release */,
			);
			defaultConfigurationIsVisible = 0;
			defaultConfigurationName = Release;
		};
		F5B9CC69248436980033CE8B /* Build configuration list for PBXNativeTarget "testGameSearch" */ = {
			isa = XCConfigurationList;
			buildConfigurations = (
				F5B9CC6A248436980033CE8B /* Debug */,
				F5B9CC6B248436980033CE8B /* Release */,
			);
			defaultConfigurationIsVisible = 0;
			defaultConfigurationName = Release;
		};
/* End XCConfigurationList section */
	};
	rootObject = F5B9CC4D248436970033CE8B /* Project object */;
}
